// !$*UTF8*$!
{
	archiveVersion = 1;
	classes = {
	};
	objectVersion = 56;
	objects = {

/* Begin PBXBuildFile section */
		0560A8262BF73E8300925838 /* ProfileViewController.swift in Sources */ = {isa = PBXBuildFile; fileRef = 0560A8252BF73E8300925838 /* ProfileViewController.swift */; };
		05AA82E42BFB083200920FA6 /* SUggestedGameCollectionViewCell.swift in Sources */ = {isa = PBXBuildFile; fileRef = 05AA82E22BFB083200920FA6 /* SUggestedGameCollectionViewCell.swift */; };
		05AA82E52BFB083200920FA6 /* SUggestedGameCollectionViewCell.xib in Resources */ = {isa = PBXBuildFile; fileRef = 05AA82E32BFB083200920FA6 /* SUggestedGameCollectionViewCell.xib */; };
		05BB87F72BF70DFB0065ED6F /* AppDelegate.swift in Sources */ = {isa = PBXBuildFile; fileRef = 05BB87F62BF70DFB0065ED6F /* AppDelegate.swift */; };
		05BB87F92BF70DFB0065ED6F /* SceneDelegate.swift in Sources */ = {isa = PBXBuildFile; fileRef = 05BB87F82BF70DFB0065ED6F /* SceneDelegate.swift */; };
		05BB87FB2BF70DFB0065ED6F /* ViewController.swift in Sources */ = {isa = PBXBuildFile; fileRef = 05BB87FA2BF70DFB0065ED6F /* ViewController.swift */; };
		05BB87FE2BF70DFB0065ED6F /* Main.storyboard in Resources */ = {isa = PBXBuildFile; fileRef = 05BB87FC2BF70DFB0065ED6F /* Main.storyboard */; };
		05BB88002BF70DFC0065ED6F /* Assets.xcassets in Resources */ = {isa = PBXBuildFile; fileRef = 05BB87FF2BF70DFC0065ED6F /* Assets.xcassets */; };
		05BB88032BF70DFC0065ED6F /* LaunchScreen.storyboard in Resources */ = {isa = PBXBuildFile; fileRef = 05BB88012BF70DFC0065ED6F /* LaunchScreen.storyboard */; };
		05BB880B2BF70E570065ED6F /* MemoryLane.storyboard in Resources */ = {isa = PBXBuildFile; fileRef = 05BB880A2BF70E570065ED6F /* MemoryLane.storyboard */; };
		05BB880D2BF70E5F0065ED6F /* Planner.storyboard in Resources */ = {isa = PBXBuildFile; fileRef = 05BB880C2BF70E5F0065ED6F /* Planner.storyboard */; };
		05BB880F2BF70E6B0065ED6F /* Assessment.storyboard in Resources */ = {isa = PBXBuildFile; fileRef = 05BB880E2BF70E6B0065ED6F /* Assessment.storyboard */; };
		05BB88112BF70F640065ED6F /* PlannerViewController.swift in Sources */ = {isa = PBXBuildFile; fileRef = 05BB88102BF70F640065ED6F /* PlannerViewController.swift */; };
		05BB88132BF70F850065ED6F /* AssessmentViewController.swift in Sources */ = {isa = PBXBuildFile; fileRef = 05BB88122BF70F850065ED6F /* AssessmentViewController.swift */; };
		05BB88152BF70F9A0065ED6F /* MemoryLaneViewController.swift in Sources */ = {isa = PBXBuildFile; fileRef = 05BB88142BF70F9A0065ED6F /* MemoryLaneViewController.swift */; };
/* End PBXBuildFile section */

/* Begin PBXFileReference section */
		0560A8252BF73E8300925838 /* ProfileViewController.swift */ = {isa = PBXFileReference; lastKnownFileType = sourcecode.swift; path = ProfileViewController.swift; sourceTree = "<group>"; };
		05AA82E22BFB083200920FA6 /* SUggestedGameCollectionViewCell.swift */ = {isa = PBXFileReference; lastKnownFileType = sourcecode.swift; path = SUggestedGameCollectionViewCell.swift; sourceTree = "<group>"; };
		05AA82E32BFB083200920FA6 /* SUggestedGameCollectionViewCell.xib */ = {isa = PBXFileReference; lastKnownFileType = file.xib; path = SUggestedGameCollectionViewCell.xib; sourceTree = "<group>"; };
		05BB87F32BF70DFB0065ED6F /* AlzyCareRepo.app */ = {isa = PBXFileReference; explicitFileType = wrapper.application; includeInIndex = 0; path = AlzyCareRepo.app; sourceTree = BUILT_PRODUCTS_DIR; };
		05BB87F62BF70DFB0065ED6F /* AppDelegate.swift */ = {isa = PBXFileReference; lastKnownFileType = sourcecode.swift; path = AppDelegate.swift; sourceTree = "<group>"; };
		05BB87F82BF70DFB0065ED6F /* SceneDelegate.swift */ = {isa = PBXFileReference; lastKnownFileType = sourcecode.swift; path = SceneDelegate.swift; sourceTree = "<group>"; };
		05BB87FA2BF70DFB0065ED6F /* ViewController.swift */ = {isa = PBXFileReference; lastKnownFileType = sourcecode.swift; path = ViewController.swift; sourceTree = "<group>"; };
		05BB87FD2BF70DFB0065ED6F /* Base */ = {isa = PBXFileReference; lastKnownFileType = file.storyboard; name = Base; path = Base.lproj/Main.storyboard; sourceTree = "<group>"; };
		05BB87FF2BF70DFC0065ED6F /* Assets.xcassets */ = {isa = PBXFileReference; lastKnownFileType = folder.assetcatalog; path = Assets.xcassets; sourceTree = "<group>"; };
		05BB88022BF70DFC0065ED6F /* Base */ = {isa = PBXFileReference; lastKnownFileType = file.storyboard; name = Base; path = Base.lproj/LaunchScreen.storyboard; sourceTree = "<group>"; };
		05BB88042BF70DFC0065ED6F /* Info.plist */ = {isa = PBXFileReference; lastKnownFileType = text.plist.xml; path = Info.plist; sourceTree = "<group>"; };
		05BB880A2BF70E570065ED6F /* MemoryLane.storyboard */ = {isa = PBXFileReference; lastKnownFileType = file.storyboard; path = MemoryLane.storyboard; sourceTree = "<group>"; };
		05BB880C2BF70E5F0065ED6F /* Planner.storyboard */ = {isa = PBXFileReference; lastKnownFileType = file.storyboard; path = Planner.storyboard; sourceTree = "<group>"; };
		05BB880E2BF70E6B0065ED6F /* Assessment.storyboard */ = {isa = PBXFileReference; lastKnownFileType = file.storyboard; path = Assessment.storyboard; sourceTree = "<group>"; };
		05BB88102BF70F640065ED6F /* PlannerViewController.swift */ = {isa = PBXFileReference; lastKnownFileType = sourcecode.swift; path = PlannerViewController.swift; sourceTree = "<group>"; };
		05BB88122BF70F850065ED6F /* AssessmentViewController.swift */ = {isa = PBXFileReference; lastKnownFileType = sourcecode.swift; path = AssessmentViewController.swift; sourceTree = "<group>"; };
		05BB88142BF70F9A0065ED6F /* MemoryLaneViewController.swift */ = {isa = PBXFileReference; lastKnownFileType = sourcecode.swift; path = MemoryLaneViewController.swift; sourceTree = "<group>"; };
/* End PBXFileReference section */

/* Begin PBXFrameworksBuildPhase section */
		05BB87F02BF70DFB0065ED6F /* Frameworks */ = {
			isa = PBXFrameworksBuildPhase;
			buildActionMask = 2147483647;
			files = (
			);
			runOnlyForDeploymentPostprocessing = 0;
		};
/* End PBXFrameworksBuildPhase section */

/* Begin PBXGroup section */
		05BB87EA2BF70DFB0065ED6F = {
			isa = PBXGroup;
			children = (
				05BB87F52BF70DFB0065ED6F /* AlzyCareRepo */,
				05BB87F42BF70DFB0065ED6F /* Products */,
			);
			sourceTree = "<group>";
		};
		05BB87F42BF70DFB0065ED6F /* Products */ = {
			isa = PBXGroup;
			children = (
				05BB87F32BF70DFB0065ED6F /* AlzyCareRepo.app */,
			);
			name = Products;
			sourceTree = "<group>";
		};
		05BB87F52BF70DFB0065ED6F /* AlzyCareRepo */ = {
			isa = PBXGroup;
			children = (
				05BB87F62BF70DFB0065ED6F /* AppDelegate.swift */,
				05BB87F82BF70DFB0065ED6F /* SceneDelegate.swift */,
				05BB87FC2BF70DFB0065ED6F /* Main.storyboard */,
				05AA82E22BFB083200920FA6 /* SUggestedGameCollectionViewCell.swift */,
				05AA82E32BFB083200920FA6 /* SUggestedGameCollectionViewCell.xib */,
				0560A8252BF73E8300925838 /* ProfileViewController.swift */,
				05BB880C2BF70E5F0065ED6F /* Planner.storyboard */,
				05BB880A2BF70E570065ED6F /* MemoryLane.storyboard */,
				05BB880E2BF70E6B0065ED6F /* Assessment.storyboard */,
				05BB87FA2BF70DFB0065ED6F /* ViewController.swift */,
				05BB88102BF70F640065ED6F /* PlannerViewController.swift */,
				05BB88122BF70F850065ED6F /* AssessmentViewController.swift */,
				05BB88142BF70F9A0065ED6F /* MemoryLaneViewController.swift */,
				05BB87FF2BF70DFC0065ED6F /* Assets.xcassets */,
				05BB88012BF70DFC0065ED6F /* LaunchScreen.storyboard */,
				05BB88042BF70DFC0065ED6F /* Info.plist */,
			);
			path = AlzyCareRepo;
			sourceTree = "<group>";
		};
/* End PBXGroup section */

/* Begin PBXNativeTarget section */
		05BB87F22BF70DFB0065ED6F /* AlzyCareRepo */ = {
			isa = PBXNativeTarget;
			buildConfigurationList = 05BB88072BF70DFC0065ED6F /* Build configuration list for PBXNativeTarget "AlzyCareRepo" */;
			buildPhases = (
				05BB87EF2BF70DFB0065ED6F /* Sources */,
				05BB87F02BF70DFB0065ED6F /* Frameworks */,
				05BB87F12BF70DFB0065ED6F /* Resources */,
			);
			buildRules = (
			);
			dependencies = (
			);
			name = AlzyCareRepo;
			productName = AlzyCareRepo;
			productReference = 05BB87F32BF70DFB0065ED6F /* AlzyCareRepo.app */;
			productType = "com.apple.product-type.application";
		};
/* End PBXNativeTarget section */

/* Begin PBXProject section */
		05BB87EB2BF70DFB0065ED6F /* Project object */ = {
			isa = PBXProject;
			attributes = {
				BuildIndependentTargetsInParallel = 1;
				LastSwiftUpdateCheck = 1520;
				LastUpgradeCheck = 1520;
				TargetAttributes = {
					05BB87F22BF70DFB0065ED6F = {
						CreatedOnToolsVersion = 15.2;
					};
				};
			};
			buildConfigurationList = 05BB87EE2BF70DFB0065ED6F /* Build configuration list for PBXProject "AlzyCareRepo" */;
			compatibilityVersion = "Xcode 14.0";
			developmentRegion = en;
			hasScannedForEncodings = 0;
			knownRegions = (
				en,
				Base,
			);
			mainGroup = 05BB87EA2BF70DFB0065ED6F;
			productRefGroup = 05BB87F42BF70DFB0065ED6F /* Products */;
			projectDirPath = "";
			projectRoot = "";
			targets = (
				05BB87F22BF70DFB0065ED6F /* AlzyCareRepo */,
			);
		};
/* End PBXProject section */

/* Begin PBXResourcesBuildPhase section */
		05BB87F12BF70DFB0065ED6F /* Resources */ = {
			isa = PBXResourcesBuildPhase;
			buildActionMask = 2147483647;
			files = (
				05BB88032BF70DFC0065ED6F /* LaunchScreen.storyboard in Resources */,
				05BB880B2BF70E570065ED6F /* MemoryLane.storyboard in Resources */,
				05AA82E52BFB083200920FA6 /* SUggestedGameCollectionViewCell.xib in Resources */,
				05BB88002BF70DFC0065ED6F /* Assets.xcassets in Resources */,
				05BB87FE2BF70DFB0065ED6F /* Main.storyboard in Resources */,
				05BB880F2BF70E6B0065ED6F /* Assessment.storyboard in Resources */,
				05BB880D2BF70E5F0065ED6F /* Planner.storyboard in Resources */,
			);
			runOnlyForDeploymentPostprocessing = 0;
		};
/* End PBXResourcesBuildPhase section */

/* Begin PBXSourcesBuildPhase section */
		05BB87EF2BF70DFB0065ED6F /* Sources */ = {
			isa = PBXSourcesBuildPhase;
			buildActionMask = 2147483647;
			files = (
				05BB87FB2BF70DFB0065ED6F /* ViewController.swift in Sources */,
				05BB88112BF70F640065ED6F /* PlannerViewController.swift in Sources */,
				05BB87F72BF70DFB0065ED6F /* AppDelegate.swift in Sources */,
				05BB87F92BF70DFB0065ED6F /* SceneDelegate.swift in Sources */,
				05AA82E42BFB083200920FA6 /* SUggestedGameCollectionViewCell.swift in Sources */,
				0560A8262BF73E8300925838 /* ProfileViewController.swift in Sources */,
				05BB88132BF70F850065ED6F /* AssessmentViewController.swift in Sources */,
				05BB88152BF70F9A0065ED6F /* MemoryLaneViewController.swift in Sources */,
			);
			runOnlyForDeploymentPostprocessing = 0;
		};
/* End PBXSourcesBuildPhase section */

/* Begin PBXVariantGroup section */
		05BB87FC2BF70DFB0065ED6F /* Main.storyboard */ = {
			isa = PBXVariantGroup;
			children = (
				05BB87FD2BF70DFB0065ED6F /* Base */,
			);
			name = Main.storyboard;
			sourceTree = "<group>";
		};
		05BB88012BF70DFC0065ED6F /* LaunchScreen.storyboard */ = {
			isa = PBXVariantGroup;
			children = (
				05BB88022BF70DFC0065ED6F /* Base */,
			);
			name = LaunchScreen.storyboard;
			sourceTree = "<group>";
		};
/* End PBXVariantGroup section */

/* Begin XCBuildConfiguration section */
		05BB88052BF70DFC0065ED6F /* Debug */ = {
			isa = XCBuildConfiguration;
			buildSettings = {
				ALWAYS_SEARCH_USER_PATHS = NO;
				ASSETCATALOG_COMPILER_GENERATE_SWIFT_ASSET_SYMBOL_EXTENSIONS = YES;
				CLANG_ANALYZER_NONNULL = YES;
				CLANG_ANALYZER_NUMBER_OBJECT_CONVERSION = YES_AGGRESSIVE;
				CLANG_CXX_LANGUAGE_STANDARD = "gnu++20";
				CLANG_ENABLE_MODULES = YES;
				CLANG_ENABLE_OBJC_ARC = YES;
				CLANG_ENABLE_OBJC_WEAK = YES;
				CLANG_WARN_BLOCK_CAPTURE_AUTORELEASING = YES;
				CLANG_WARN_BOOL_CONVERSION = YES;
				CLANG_WARN_COMMA = YES;
				CLANG_WARN_CONSTANT_CONVERSION = YES;
				CLANG_WARN_DEPRECATED_OBJC_IMPLEMENTATIONS = YES;
				CLANG_WARN_DIRECT_OBJC_ISA_USAGE = YES_ERROR;
				CLANG_WARN_DOCUMENTATION_COMMENTS = YES;
				CLANG_WARN_EMPTY_BODY = YES;
				CLANG_WARN_ENUM_CONVERSION = YES;
				CLANG_WARN_INFINITE_RECURSION = YES;
				CLANG_WARN_INT_CONVERSION = YES;
				CLANG_WARN_NON_LITERAL_NULL_CONVERSION = YES;
				CLANG_WARN_OBJC_IMPLICIT_RETAIN_SELF = YES;
				CLANG_WARN_OBJC_LITERAL_CONVERSION = YES;
				CLANG_WARN_OBJC_ROOT_CLASS = YES_ERROR;
				CLANG_WARN_QUOTED_INCLUDE_IN_FRAMEWORK_HEADER = YES;
				CLANG_WARN_RANGE_LOOP_ANALYSIS = YES;
				CLANG_WARN_STRICT_PROTOTYPES = YES;
				CLANG_WARN_SUSPICIOUS_MOVE = YES;
				CLANG_WARN_UNGUARDED_AVAILABILITY = YES_AGGRESSIVE;
				CLANG_WARN_UNREACHABLE_CODE = YES;
				CLANG_WARN__DUPLICATE_METHOD_MATCH = YES;
				COPY_PHASE_STRIP = NO;
				DEBUG_INFORMATION_FORMAT = dwarf;
				ENABLE_STRICT_OBJC_MSGSEND = YES;
				ENABLE_TESTABILITY = YES;
				ENABLE_USER_SCRIPT_SANDBOXING = YES;
				GCC_C_LANGUAGE_STANDARD = gnu17;
				GCC_DYNAMIC_NO_PIC = NO;
				GCC_NO_COMMON_BLOCKS = YES;
				GCC_OPTIMIZATION_LEVEL = 0;
				GCC_PREPROCESSOR_DEFINITIONS = (
					"DEBUG=1",
					"$(inherited)",
				);
				GCC_WARN_64_TO_32_BIT_CONVERSION = YES;
				GCC_WARN_ABOUT_RETURN_TYPE = YES_ERROR;
				GCC_WARN_UNDECLARED_SELECTOR = YES;
				GCC_WARN_UNINITIALIZED_AUTOS = YES_AGGRESSIVE;
				GCC_WARN_UNUSED_FUNCTION = YES;
				GCC_WARN_UNUSED_VARIABLE = YES;
				IPHONEOS_DEPLOYMENT_TARGET = 17.2;
				LOCALIZATION_PREFERS_STRING_CATALOGS = YES;
				MTL_ENABLE_DEBUG_INFO = INCLUDE_SOURCE;
				MTL_FAST_MATH = YES;
				ONLY_ACTIVE_ARCH = YES;
				SDKROOT = iphoneos;
				SWIFT_ACTIVE_COMPILATION_CONDITIONS = "DEBUG $(inherited)";
				SWIFT_OPTIMIZATION_LEVEL = "-Onone";
			};
			name = Debug;
		};
		05BB88062BF70DFC0065ED6F /* Release */ = {
			isa = XCBuildConfiguration;
			buildSettings = {
				ALWAYS_SEARCH_USER_PATHS = NO;
				ASSETCATALOG_COMPILER_GENERATE_SWIFT_ASSET_SYMBOL_EXTENSIONS = YES;
				CLANG_ANALYZER_NONNULL = YES;
				CLANG_ANALYZER_NUMBER_OBJECT_CONVERSION = YES_AGGRESSIVE;
				CLANG_CXX_LANGUAGE_STANDARD = "gnu++20";
				CLANG_ENABLE_MODULES = YES;
				CLANG_ENABLE_OBJC_ARC = YES;
				CLANG_ENABLE_OBJC_WEAK = YES;
				CLANG_WARN_BLOCK_CAPTURE_AUTORELEASING = YES;
				CLANG_WARN_BOOL_CONVERSION = YES;
				CLANG_WARN_COMMA = YES;
				CLANG_WARN_CONSTANT_CONVERSION = YES;
				CLANG_WARN_DEPRECATED_OBJC_IMPLEMENTATIONS = YES;
				CLANG_WARN_DIRECT_OBJC_ISA_USAGE = YES_ERROR;
				CLANG_WARN_DOCUMENTATION_COMMENTS = YES;
				CLANG_WARN_EMPTY_BODY = YES;
				CLANG_WARN_ENUM_CONVERSION = YES;
				CLANG_WARN_INFINITE_RECURSION = YES;
				CLANG_WARN_INT_CONVERSION = YES;
				CLANG_WARN_NON_LITERAL_NULL_CONVERSION = YES;
				CLANG_WARN_OBJC_IMPLICIT_RETAIN_SELF = YES;
				CLANG_WARN_OBJC_LITERAL_CONVERSION = YES;
				CLANG_WARN_OBJC_ROOT_CLASS = YES_ERROR;
				CLANG_WARN_QUOTED_INCLUDE_IN_FRAMEWORK_HEADER = YES;
				CLANG_WARN_RANGE_LOOP_ANALYSIS = YES;
				CLANG_WARN_STRICT_PROTOTYPES = YES;
				CLANG_WARN_SUSPICIOUS_MOVE = YES;
				CLANG_WARN_UNGUARDED_AVAILABILITY = YES_AGGRESSIVE;
				CLANG_WARN_UNREACHABLE_CODE = YES;
				CLANG_WARN__DUPLICATE_METHOD_MATCH = YES;
				COPY_PHASE_STRIP = NO;
				DEBUG_INFORMATION_FORMAT = "dwarf-with-dsym";
				ENABLE_NS_ASSERTIONS = NO;
				ENABLE_STRICT_OBJC_MSGSEND = YES;
				ENABLE_USER_SCRIPT_SANDBOXING = YES;
				GCC_C_LANGUAGE_STANDARD = gnu17;
				GCC_NO_COMMON_BLOCKS = YES;
				GCC_WARN_64_TO_32_BIT_CONVERSION = YES;
				GCC_WARN_ABOUT_RETURN_TYPE = YES_ERROR;
				GCC_WARN_UNDECLARED_SELECTOR = YES;
				GCC_WARN_UNINITIALIZED_AUTOS = YES_AGGRESSIVE;
				GCC_WARN_UNUSED_FUNCTION = YES;
				GCC_WARN_UNUSED_VARIABLE = YES;
				IPHONEOS_DEPLOYMENT_TARGET = 17.2;
				LOCALIZATION_PREFERS_STRING_CATALOGS = YES;
				MTL_ENABLE_DEBUG_INFO = NO;
				MTL_FAST_MATH = YES;
				SDKROOT = iphoneos;
				SWIFT_COMPILATION_MODE = wholemodule;
				VALIDATE_PRODUCT = YES;
			};
			name = Release;
		};
		05BB88082BF70DFC0065ED6F /* Debug */ = {
			isa = XCBuildConfiguration;
			buildSettings = {
				ASSETCATALOG_COMPILER_APPICON_NAME = AppIcon;
				ASSETCATALOG_COMPILER_GLOBAL_ACCENT_COLOR_NAME = AccentColor;
				CODE_SIGN_STYLE = Automatic;
				CURRENT_PROJECT_VERSION = 1;
				GENERATE_INFOPLIST_FILE = YES;
				INFOPLIST_FILE = AlzyCareRepo/Info.plist;
				INFOPLIST_KEY_UIApplicationSupportsIndirectInputEvents = YES;
				INFOPLIST_KEY_UILaunchStoryboardName = LaunchScreen;
				INFOPLIST_KEY_UIMainStoryboardFile = Main;
				INFOPLIST_KEY_UISupportedInterfaceOrientations_iPad = "UIInterfaceOrientationPortrait UIInterfaceOrientationPortraitUpsideDown UIInterfaceOrientationLandscapeLeft UIInterfaceOrientationLandscapeRight";
				INFOPLIST_KEY_UISupportedInterfaceOrientations_iPhone = "UIInterfaceOrientationPortrait UIInterfaceOrientationLandscapeLeft UIInterfaceOrientationLandscapeRight";
				LD_RUNPATH_SEARCH_PATHS = (
					"$(inherited)",
					"@executable_path/Frameworks",
				);
				MARKETING_VERSION = 1.0;
				PRODUCT_BUNDLE_IDENTIFIER = com.example.AlzyCareRepo;
				PRODUCT_NAME = "$(TARGET_NAME)";
				SWIFT_EMIT_LOC_STRINGS = YES;
				SWIFT_VERSION = 5.0;
				TARGETED_DEVICE_FAMILY = "1,2";
			};
			name = Debug;
		};
		05BB88092BF70DFC0065ED6F /* Release */ = {
			isa = XCBuildConfiguration;
			buildSettings = {
				ASSETCATALOG_COMPILER_APPICON_NAME = AppIcon;
				ASSETCATALOG_COMPILER_GLOBAL_ACCENT_COLOR_NAME = AccentColor;
				CODE_SIGN_STYLE = Automatic;
				CURRENT_PROJECT_VERSION = 1;
				GENERATE_INFOPLIST_FILE = YES;
				INFOPLIST_FILE = AlzyCareRepo/Info.plist;
				INFOPLIST_KEY_UIApplicationSupportsIndirectInputEvents = YES;
				INFOPLIST_KEY_UILaunchStoryboardName = LaunchScreen;
				INFOPLIST_KEY_UIMainStoryboardFile = Main;
				INFOPLIST_KEY_UISupportedInterfaceOrientations_iPad = "UIInterfaceOrientationPortrait UIInterfaceOrientationPortraitUpsideDown UIInterfaceOrientationLandscapeLeft UIInterfaceOrientationLandscapeRight";
				INFOPLIST_KEY_UISupportedInterfaceOrientations_iPhone = "UIInterfaceOrientationPortrait UIInterfaceOrientationLandscapeLeft UIInterfaceOrientationLandscapeRight";
				LD_RUNPATH_SEARCH_PATHS = (
					"$(inherited)",
					"@executable_path/Frameworks",
				);
				MARKETING_VERSION = 1.0;
				PRODUCT_BUNDLE_IDENTIFIER = com.example.AlzyCareRepo;
				PRODUCT_NAME = "$(TARGET_NAME)";
				SWIFT_EMIT_LOC_STRINGS = YES;
				SWIFT_VERSION = 5.0;
				TARGETED_DEVICE_FAMILY = "1,2";
			};
			name = Release;
		};
/* End XCBuildConfiguration section */

/* Begin XCConfigurationList section */
		05BB87EE2BF70DFB0065ED6F /* Build configuration list for PBXProject "AlzyCareRepo" */ = {
			isa = XCConfigurationList;
			buildConfigurations = (
				05BB88052BF70DFC0065ED6F /* Debug */,
				05BB88062BF70DFC0065ED6F /* Release */,
			);
			defaultConfigurationIsVisible = 0;
			defaultConfigurationName = Release;
		};
		05BB88072BF70DFC0065ED6F /* Build configuration list for PBXNativeTarget "AlzyCareRepo" */ = {
			isa = XCConfigurationList;
			buildConfigurations = (
				05BB88082BF70DFC0065ED6F /* Debug */,
				05BB88092BF70DFC0065ED6F /* Release */,
			);
			defaultConfigurationIsVisible = 0;
			defaultConfigurationName = Release;
		};
/* End XCConfigurationList section */
	};
	rootObject = 05BB87EB2BF70DFB0065ED6F /* Project object */;
}
